<Solution>
  <Folder Name="/CUE4Parse/">
    <Project Path="external/CUE4Parse/CUE4Parse-Conversion/CUE4Parse-Conversion.csproj" />
    <Project Path="external/CUE4Parse/CUE4Parse/CUE4Parse.csproj" />
  </Folder>
  <Project Path="Prism/Prism.csproj" />
  <Project Path="PakTool.Cli/PakTool.Cli.csproj" />
  <Project Path="PakTool.Core/PakTool.Core.csproj" />
  <Project Path="Prism.Windows/Prism.Windows.csproj" />
</Solution>
